
Microsoft Visual Studio Solution File, Format Version 12.00
# Visual Studio 15
VisualStudioVersion = 15.0.27004.2010
MinimumVisualStudioVersion = 10.0.40219.1
Project("{FAE04EC0-301F-11D3-BF4B-00C04F79EFBC}") = "CoreTest", "AvivaTestIanField\CoreTest.csproj", "{5FF0FE98-911F-497E-A73D-D34B8AA79878}"
EndProject
Project("{FAE04EC0-301F-11D3-BF4B-00C04F79EFBC}") = "SpecflowTest", "SpecflowTest\SpecflowTest.csproj", "{82417032-0039-402C-B469-CB709571B024}"
EndProject
Project("{FAE04EC0-301F-11D3-BF4B-00C04F79EFBC}") = "Reporting", "Reporting\Reporting.csproj", "{776DCF35-0063-4AF5-BDAB-9DF24BAD5965}"
EndProject
Global
	GlobalSection(SolutionConfigurationPlatforms) = preSolution
		Debug|Any CPU = Debug|Any CPU
		Release|Any CPU = Release|Any CPU
	EndGlobalSection
	GlobalSection(ProjectConfigurationPlatforms) = postSolution
		{5FF0FE98-911F-497E-A73D-D34B8AA79878}.Debug|Any CPU.ActiveCfg = Release|Any CPU
		{5FF0FE98-911F-497E-A73D-D34B8AA79878}.Debug|Any CPU.Build.0 = Release|Any CPU
		{5FF0FE98-911F-497E-A73D-D34B8AA79878}.Release|Any CPU.ActiveCfg = Release|Any CPU
		{5FF0FE98-911F-497E-A73D-D34B8AA79878}.Release|Any CPU.Build.0 = Release|Any CPU
		{82417032-0039-402C-B469-CB709571B024}.Debug|Any CPU.ActiveCfg = Release|Any CPU
		{82417032-0039-402C-B469-CB709571B024}.Debug|Any CPU.Build.0 = Release|Any CPU
		{82417032-0039-402C-B469-CB709571B024}.Release|Any CPU.ActiveCfg = Release|Any CPU
		{82417032-0039-402C-B469-CB709571B024}.Release|Any CPU.Build.0 = Release|Any CPU
		{776DCF35-0063-4AF5-BDAB-9DF24BAD5965}.Debug|Any CPU.ActiveCfg = Release|Any CPU
		{776DCF35-0063-4AF5-BDAB-9DF24BAD5965}.Debug|Any CPU.Build.0 = Release|Any CPU
		{776DCF35-0063-4AF5-BDAB-9DF24BAD5965}.Release|Any CPU.ActiveCfg = Release|Any CPU
		{776DCF35-0063-4AF5-BDAB-9DF24BAD5965}.Release|Any CPU.Build.0 = Release|Any CPU
	EndGlobalSection
	GlobalSection(SolutionProperties) = preSolution
		HideSolutionNode = FALSE
	EndGlobalSection
	GlobalSection(ExtensibilityGlobals) = postSolution
		SolutionGuid = {8FB47FDD-D972-4F11-946C-CA442C785BD9}
	EndGlobalSection
EndGlobal
